
Microsoft Visual Studio Solution File, Format Version 12.00
# Visual Studio Version 17
VisualStudioVersion = 17.3.32825.248
MinimumVisualStudioVersion = 10.0.40219.1
Project("{FAE04EC0-301F-11D3-BF4B-00C04F79EFBC}") = "Oop2", "Oop2\Oop2.csproj", "{19512083-5307-40AE-A754-72DD0324C30F}"
EndProject
Project("{FAE04EC0-301F-11D3-BF4B-00C04F79EFBC}") = "OOP3", "OOP3\OOP3.csproj", "{F8F17FE3-EF45-43BD-9FC7-57610100B6DF}"
EndProject
Global
	GlobalSection(SolutionConfigurationPlatforms) = preSolution
		Debug|Any CPU = Debug|Any CPU
		Release|Any CPU = Release|Any CPU
	EndGlobalSection
	GlobalSection(ProjectConfigurationPlatforms) = postSolution
		{19512083-5307-40AE-A754-72DD0324C30F}.Debug|Any CPU.ActiveCfg = Debug|Any CPU
		{19512083-5307-40AE-A754-72DD0324C30F}.Debug|Any CPU.Build.0 = Debug|Any CPU
		{19512083-5307-40AE-A754-72DD0324C30F}.Release|Any CPU.ActiveCfg = Release|Any CPU
		{19512083-5307-40AE-A754-72DD0324C30F}.Release|Any CPU.Build.0 = Release|Any CPU
		{F8F17FE3-EF45-43BD-9FC7-57610100B6DF}.Debug|Any CPU.ActiveCfg = Debug|Any CPU
		{F8F17FE3-EF45-43BD-9FC7-57610100B6DF}.Debug|Any CPU.Build.0 = Debug|Any CPU
		{F8F17FE3-EF45-43BD-9FC7-57610100B6DF}.Release|Any CPU.ActiveCfg = Release|Any CPU
		{F8F17FE3-EF45-43BD-9FC7-57610100B6DF}.Release|Any CPU.Build.0 = Release|Any CPU
	EndGlobalSection
	GlobalSection(SolutionProperties) = preSolution
		HideSolutionNode = FALSE
	EndGlobalSection
	GlobalSection(ExtensibilityGlobals) = postSolution
		SolutionGuid = {7072780A-AEC0-422C-85BF-E3FAAE9E37A2}
	EndGlobalSection
EndGlobal
